
Microsoft Visual Studio Solution File, Format Version 12.00
# Visual Studio Version 16
VisualStudioVersion = 16.0.29509.3
MinimumVisualStudioVersion = 10.0.40219.1
Project("{FAE04EC0-301F-11D3-BF4B-00C04F79EFBC}") = "CarToolApp5", "CarToolApp5\CarToolApp5.csproj", "{C7E42486-2B8C-4EA4-86FD-7F16CCF3938F}"
EndProject
Project("{FAE04EC0-301F-11D3-BF4B-00C04F79EFBC}") = "CarToolApp5.DataAccess", "CarToolApp5.DataAccess\CarToolApp5.DataAccess.csproj", "{D9351793-BBF3-48C1-88EF-41C008A11FFE}"
EndProject
Project("{FAE04EC0-301F-11D3-BF4B-00C04F79EFBC}") = "CarToolApp5.Models", "CarToolApp5.Models\CarToolApp5.Models.csproj", "{FCC9DDAA-2C82-4B6D-8543-670AE1219A1D}"
EndProject
Global
	GlobalSection(SolutionConfigurationPlatforms) = preSolution
		Debug|Any CPU = Debug|Any CPU
		Release|Any CPU = Release|Any CPU
	EndGlobalSection
	GlobalSection(ProjectConfigurationPlatforms) = postSolution
		{C7E42486-2B8C-4EA4-86FD-7F16CCF3938F}.Debug|Any CPU.ActiveCfg = Debug|Any CPU
		{C7E42486-2B8C-4EA4-86FD-7F16CCF3938F}.Debug|Any CPU.Build.0 = Debug|Any CPU
		{C7E42486-2B8C-4EA4-86FD-7F16CCF3938F}.Release|Any CPU.ActiveCfg = Release|Any CPU
		{C7E42486-2B8C-4EA4-86FD-7F16CCF3938F}.Release|Any CPU.Build.0 = Release|Any CPU
		{D9351793-BBF3-48C1-88EF-41C008A11FFE}.Debug|Any CPU.ActiveCfg = Debug|Any CPU
		{D9351793-BBF3-48C1-88EF-41C008A11FFE}.Debug|Any CPU.Build.0 = Debug|Any CPU
		{D9351793-BBF3-48C1-88EF-41C008A11FFE}.Release|Any CPU.ActiveCfg = Release|Any CPU
		{D9351793-BBF3-48C1-88EF-41C008A11FFE}.Release|Any CPU.Build.0 = Release|Any CPU
		{FCC9DDAA-2C82-4B6D-8543-670AE1219A1D}.Debug|Any CPU.ActiveCfg = Debug|Any CPU
		{FCC9DDAA-2C82-4B6D-8543-670AE1219A1D}.Debug|Any CPU.Build.0 = Debug|Any CPU
		{FCC9DDAA-2C82-4B6D-8543-670AE1219A1D}.Release|Any CPU.ActiveCfg = Release|Any CPU
		{FCC9DDAA-2C82-4B6D-8543-670AE1219A1D}.Release|Any CPU.Build.0 = Release|Any CPU
	EndGlobalSection
	GlobalSection(SolutionProperties) = preSolution
		HideSolutionNode = FALSE
	EndGlobalSection
	GlobalSection(ExtensibilityGlobals) = postSolution
		SolutionGuid = {FC10A839-9BF7-4774-8D95-180DDEAAA0A6}
	EndGlobalSection
EndGlobal
